// !$*UTF8*$!
{
	archiveVersion = 1;
	classes = {
	};
	objectVersion = 56;
	objects = {

/* Begin PBXBuildFile section */
		4CA694862B704F1300DAD76F /* AppDelegate.swift in Sources */ = {isa = PBXBuildFile; fileRef = 4CA694852B704F1300DAD76F /* AppDelegate.swift */; };
		4CA694882B704F1300DAD76F /* SceneDelegate.swift in Sources */ = {isa = PBXBuildFile; fileRef = 4CA694872B704F1300DAD76F /* SceneDelegate.swift */; };
		4CA6948A2B704F1300DAD76F /* ViewController.swift in Sources */ = {isa = PBXBuildFile; fileRef = 4CA694892B704F1300DAD76F /* ViewController.swift */; };
		4CA6948D2B704F1300DAD76F /* Main.storyboard in Resources */ = {isa = PBXBuildFile; fileRef = 4CA6948B2B704F1300DAD76F /* Main.storyboard */; };
		4CA6948F2B704F1400DAD76F /* Assets.xcassets in Resources */ = {isa = PBXBuildFile; fileRef = 4CA6948E2B704F1400DAD76F /* Assets.xcassets */; };
		4CA694922B704F1400DAD76F /* LaunchScreen.storyboard in Resources */ = {isa = PBXBuildFile; fileRef = 4CA694902B704F1400DAD76F /* LaunchScreen.storyboard */; };
		4CA6949D2B704F1400DAD76F /* Assignment4Tests.swift in Sources */ = {isa = PBXBuildFile; fileRef = 4CA6949C2B704F1400DAD76F /* Assignment4Tests.swift */; };
		4CA694A72B704F1400DAD76F /* Assignment4UITests.swift in Sources */ = {isa = PBXBuildFile; fileRef = 4CA694A62B704F1400DAD76F /* Assignment4UITests.swift */; };
		4CA694A92B704F1400DAD76F /* Assignment4UITestsLaunchTests.swift in Sources */ = {isa = PBXBuildFile; fileRef = 4CA694A82B704F1400DAD76F /* Assignment4UITestsLaunchTests.swift */; };
		4CA694B62B70609400DAD76F /* alarm.mp3 in Resources */ = {isa = PBXBuildFile; fileRef = 4CA694B52B70609400DAD76F /* alarm.mp3 */; };
/* End PBXBuildFile section */

/* Begin PBXContainerItemProxy section */
		4CA694992B704F1400DAD76F /* PBXContainerItemProxy */ = {
			isa = PBXContainerItemProxy;
			containerPortal = 4CA6947A2B704F1300DAD76F /* Project object */;
			proxyType = 1;
			remoteGlobalIDString = 4CA694812B704F1300DAD76F;
			remoteInfo = Assignment4;
		};
		4CA694A32B704F1400DAD76F /* PBXContainerItemProxy */ = {
			isa = PBXContainerItemProxy;
			containerPortal = 4CA6947A2B704F1300DAD76F /* Project object */;
			proxyType = 1;
			remoteGlobalIDString = 4CA694812B704F1300DAD76F;
			remoteInfo = Assignment4;
		};
/* End PBXContainerItemProxy section */

/* Begin PBXFileReference section */
		4CA694822B704F1300DAD76F /* Assignment4.app */ = {isa = PBXFileReference; explicitFileType = wrapper.application; includeInIndex = 0; path = Assignment4.app; sourceTree = BUILT_PRODUCTS_DIR; };
		4CA694852B704F1300DAD76F /* AppDelegate.swift */ = {isa = PBXFileReference; lastKnownFileType = sourcecode.swift; path = AppDelegate.swift; sourceTree = "<group>"; };
		4CA694872B704F1300DAD76F /* SceneDelegate.swift */ = {isa = PBXFileReference; lastKnownFileType = sourcecode.swift; path = SceneDelegate.swift; sourceTree = "<group>"; };
		4CA694892B704F1300DAD76F /* ViewController.swift */ = {isa = PBXFileReference; lastKnownFileType = sourcecode.swift; path = ViewController.swift; sourceTree = "<group>"; };
		4CA6948C2B704F1300DAD76F /* Base */ = {isa = PBXFileReference; lastKnownFileType = file.storyboard; name = Base; path = Base.lproj/Main.storyboard; sourceTree = "<group>"; };
		4CA6948E2B704F1400DAD76F /* Assets.xcassets */ = {isa = PBXFileReference; lastKnownFileType = folder.assetcatalog; path = Assets.xcassets; sourceTree = "<group>"; };
		4CA694912B704F1400DAD76F /* Base */ = {isa = PBXFileReference; lastKnownFileType = file.storyboard; name = Base; path = Base.lproj/LaunchScreen.storyboard; sourceTree = "<group>"; };
		4CA694932B704F1400DAD76F /* Info.plist */ = {isa = PBXFileReference; lastKnownFileType = text.plist.xml; path = Info.plist; sourceTree = "<group>"; };
		4CA694982B704F1400DAD76F /* Assignment4Tests.xctest */ = {isa = PBXFileReference; explicitFileType = wrapper.cfbundle; includeInIndex = 0; path = Assignment4Tests.xctest; sourceTree = BUILT_PRODUCTS_DIR; };
		4CA6949C2B704F1400DAD76F /* Assignment4Tests.swift */ = {isa = PBXFileReference; lastKnownFileType = sourcecode.swift; path = Assignment4Tests.swift; sourceTree = "<group>"; };
		4CA694A22B704F1400DAD76F /* Assignment4UITests.xctest */ = {isa = PBXFileReference; explicitFileType = wrapper.cfbundle; includeInIndex = 0; path = Assignment4UITests.xctest; sourceTree = BUILT_PRODUCTS_DIR; };
		4CA694A62B704F1400DAD76F /* Assignment4UITests.swift */ = {isa = PBXFileReference; lastKnownFileType = sourcecode.swift; path = Assignment4UITests.swift; sourceTree = "<group>"; };
		4CA694A82B704F1400DAD76F /* Assignment4UITestsLaunchTests.swift */ = {isa = PBXFileReference; lastKnownFileType = sourcecode.swift; path = Assignment4UITestsLaunchTests.swift; sourceTree = "<group>"; };
		4CA694B52B70609400DAD76F /* alarm.mp3 */ = {isa = PBXFileReference; lastKnownFileType = audio.mp3; name = alarm.mp3; path = ../../../Downloads/alarm.mp3; sourceTree = "<group>"; };
/* End PBXFileReference section */

/* Begin PBXFrameworksBuildPhase section */
		4CA6947F2B704F1300DAD76F /* Frameworks */ = {
			isa = PBXFrameworksBuildPhase;
			buildActionMask = 2147483647;
			files = (
			);
			runOnlyForDeploymentPostprocessing = 0;
		};
		4CA694952B704F1400DAD76F /* Frameworks */ = {
			isa = PBXFrameworksBuildPhase;
			buildActionMask = 2147483647;
			files = (
			);
			runOnlyForDeploymentPostprocessing = 0;
		};
		4CA6949F2B704F1400DAD76F /* Frameworks */ = {
			isa = PBXFrameworksBuildPhase;
			buildActionMask = 2147483647;
			files = (
			);
			runOnlyForDeploymentPostprocessing = 0;
		};
/* End PBXFrameworksBuildPhase section */

/* Begin PBXGroup section */
		4CA694792B704F1300DAD76F = {
			isa = PBXGroup;
			children = (
				4CA694842B704F1300DAD76F /* Assignment4 */,
				4CA6949B2B704F1400DAD76F /* Assignment4Tests */,
				4CA694A52B704F1400DAD76F /* Assignment4UITests */,
				4CA694832B704F1300DAD76F /* Products */,
			);
			sourceTree = "<group>";
		};
		4CA694832B704F1300DAD76F /* Products */ = {
			isa = PBXGroup;
			children = (
				4CA694822B704F1300DAD76F /* Assignment4.app */,
				4CA694982B704F1400DAD76F /* Assignment4Tests.xctest */,
				4CA694A22B704F1400DAD76F /* Assignment4UITests.xctest */,
			);
			name = Products;
			sourceTree = "<group>";
		};
		4CA694842B704F1300DAD76F /* Assignment4 */ = {
			isa = PBXGroup;
			children = (
				4CA694B52B70609400DAD76F /* alarm.mp3 */,
				4CA694852B704F1300DAD76F /* AppDelegate.swift */,
				4CA694872B704F1300DAD76F /* SceneDelegate.swift */,
				4CA694892B704F1300DAD76F /* ViewController.swift */,
				4CA6948B2B704F1300DAD76F /* Main.storyboard */,
				4CA6948E2B704F1400DAD76F /* Assets.xcassets */,
				4CA694902B704F1400DAD76F /* LaunchScreen.storyboard */,
				4CA694932B704F1400DAD76F /* Info.plist */,
			);
			path = Assignment4;
			sourceTree = "<group>";
		};
		4CA6949B2B704F1400DAD76F /* Assignment4Tests */ = {
			isa = PBXGroup;
			children = (
				4CA6949C2B704F1400DAD76F /* Assignment4Tests.swift */,
			);
			path = Assignment4Tests;
			sourceTree = "<group>";
		};
		4CA694A52B704F1400DAD76F /* Assignment4UITests */ = {
			isa = PBXGroup;
			children = (
				4CA694A62B704F1400DAD76F /* Assignment4UITests.swift */,
				4CA694A82B704F1400DAD76F /* Assignment4UITestsLaunchTests.swift */,
			);
			path = Assignment4UITests;
			sourceTree = "<group>";
		};
/* End PBXGroup section */

/* Begin PBXNativeTarget section */
		4CA694812B704F1300DAD76F /* Assignment4 */ = {
			isa = PBXNativeTarget;
			buildConfigurationList = 4CA694AC2B704F1400DAD76F /* Build configuration list for PBXNativeTarget "Assignment4" */;
			buildPhases = (
				4CA6947E2B704F1300DAD76F /* Sources */,
				4CA6947F2B704F1300DAD76F /* Frameworks */,
				4CA694802B704F1300DAD76F /* Resources */,
			);
			buildRules = (
			);
			dependencies = (
			);
			name = Assignment4;
			productName = Assignment4;
			productReference = 4CA694822B704F1300DAD76F /* Assignment4.app */;
			productType = "com.apple.product-type.application";
		};
		4CA694972B704F1400DAD76F /* Assignment4Tests */ = {
			isa = PBXNativeTarget;
			buildConfigurationList = 4CA694AF2B704F1400DAD76F /* Build configuration list for PBXNativeTarget "Assignment4Tests" */;
			buildPhases = (
				4CA694942B704F1400DAD76F /* Sources */,
				4CA694952B704F1400DAD76F /* Frameworks */,
				4CA694962B704F1400DAD76F /* Resources */,
			);
			buildRules = (
			);
			dependencies = (
				4CA6949A2B704F1400DAD76F /* PBXTargetDependency */,
			);
			name = Assignment4Tests;
			productName = Assignment4Tests;
			productReference = 4CA694982B704F1400DAD76F /* Assignment4Tests.xctest */;
			productType = "com.apple.product-type.bundle.unit-test";
		};
		4CA694A12B704F1400DAD76F /* Assignment4UITests */ = {
			isa = PBXNativeTarget;
			buildConfigurationList = 4CA694B22B704F1400DAD76F /* Build configuration list for PBXNativeTarget "Assignment4UITests" */;
			buildPhases = (
				4CA6949E2B704F1400DAD76F /* Sources */,
				4CA6949F2B704F1400DAD76F /* Frameworks */,
				4CA694A02B704F1400DAD76F /* Resources */,
			);
			buildRules = (
			);
			dependencies = (
				4CA694A42B704F1400DAD76F /* PBXTargetDependency */,
			);
			name = Assignment4UITests;
			productName = Assignment4UITests;
			productReference = 4CA694A22B704F1400DAD76F /* Assignment4UITests.xctest */;
			productType = "com.apple.product-type.bundle.ui-testing";
		};
/* End PBXNativeTarget section */

/* Begin PBXProject section */
		4CA6947A2B704F1300DAD76F /* Project object */ = {
			isa = PBXProject;
			attributes = {
				BuildIndependentTargetsInParallel = 1;
				LastSwiftUpdateCheck = 1520;
				LastUpgradeCheck = 1520;
				TargetAttributes = {
					4CA694812B704F1300DAD76F = {
						CreatedOnToolsVersion = 15.2;
					};
					4CA694972B704F1400DAD76F = {
						CreatedOnToolsVersion = 15.2;
						TestTargetID = 4CA694812B704F1300DAD76F;
					};
					4CA694A12B704F1400DAD76F = {
						CreatedOnToolsVersion = 15.2;
						TestTargetID = 4CA694812B704F1300DAD76F;
					};
				};
			};
			buildConfigurationList = 4CA6947D2B704F1300DAD76F /* Build configuration list for PBXProject "Assignment4" */;
			compatibilityVersion = "Xcode 14.0";
			developmentRegion = en;
			hasScannedForEncodings = 0;
			knownRegions = (
				en,
				Base,
			);
			mainGroup = 4CA694792B704F1300DAD76F;
			productRefGroup = 4CA694832B704F1300DAD76F /* Products */;
			projectDirPath = "";
			projectRoot = "";
			targets = (
				4CA694812B704F1300DAD76F /* Assignment4 */,
				4CA694972B704F1400DAD76F /* Assignment4Tests */,
				4CA694A12B704F1400DAD76F /* Assignment4UITests */,
			);
		};
/* End PBXProject section */

/* Begin PBXResourcesBuildPhase section */
		4CA694802B704F1300DAD76F /* Resources */ = {
			isa = PBXResourcesBuildPhase;
			buildActionMask = 2147483647;
			files = (
				4CA694B62B70609400DAD76F /* alarm.mp3 in Resources */,
				4CA694922B704F1400DAD76F /* LaunchScreen.storyboard in Resources */,
				4CA6948F2B704F1400DAD76F /* Assets.xcassets in Resources */,
				4CA6948D2B704F1300DAD76F /* Main.storyboard in Resources */,
			);
			runOnlyForDeploymentPostprocessing = 0;
		};
		4CA694962B704F1400DAD76F /* Resources */ = {
			isa = PBXResourcesBuildPhase;
			buildActionMask = 2147483647;
			files = (
			);
			runOnlyForDeploymentPostprocessing = 0;
		};
		4CA694A02B704F1400DAD76F /* Resources */ = {
			isa = PBXResourcesBuildPhase;
			buildActionMask = 2147483647;
			files = (
			);
			runOnlyForDeploymentPostprocessing = 0;
		};
/* End PBXResourcesBuildPhase section */

/* Begin PBXSourcesBuildPhase section */
		4CA6947E2B704F1300DAD76F /* Sources */ = {
			isa = PBXSourcesBuildPhase;
			buildActionMask = 2147483647;
			files = (
				4CA6948A2B704F1300DAD76F /* ViewController.swift in Sources */,
				4CA694862B704F1300DAD76F /* AppDelegate.swift in Sources */,
				4CA694882B704F1300DAD76F /* SceneDelegate.swift in Sources */,
			);
			runOnlyForDeploymentPostprocessing = 0;
		};
		4CA694942B704F1400DAD76F /* Sources */ = {
			isa = PBXSourcesBuildPhase;
			buildActionMask = 2147483647;
			files = (
				4CA6949D2B704F1400DAD76F /* Assignment4Tests.swift in Sources */,
			);
			runOnlyForDeploymentPostprocessing = 0;
		};
		4CA6949E2B704F1400DAD76F /* Sources */ = {
			isa = PBXSourcesBuildPhase;
			buildActionMask = 2147483647;
			files = (
				4CA694A92B704F1400DAD76F /* Assignment4UITestsLaunchTests.swift in Sources */,
				4CA694A72B704F1400DAD76F /* Assignment4UITests.swift in Sources */,
			);
			runOnlyForDeploymentPostprocessing = 0;
		};
/* End PBXSourcesBuildPhase section */

/* Begin PBXTargetDependency section */
		4CA6949A2B704F1400DAD76F /* PBXTargetDependency */ = {
			isa = PBXTargetDependency;
			target = 4CA694812B704F1300DAD76F /* Assignment4 */;
			targetProxy = 4CA694992B704F1400DAD76F /* PBXContainerItemProxy */;
		};
		4CA694A42B704F1400DAD76F /* PBXTargetDependency */ = {
			isa = PBXTargetDependency;
			target = 4CA694812B704F1300DAD76F /* Assignment4 */;
			targetProxy = 4CA694A32B704F1400DAD76F /* PBXContainerItemProxy */;
		};
/* End PBXTargetDependency section */

/* Begin PBXVariantGroup section */
		4CA6948B2B704F1300DAD76F /* Main.storyboard */ = {
			isa = PBXVariantGroup;
			children = (
				4CA6948C2B704F1300DAD76F /* Base */,
			);
			name = Main.storyboard;
			sourceTree = "<group>";
		};
		4CA694902B704F1400DAD76F /* LaunchScreen.storyboard */ = {
			isa = PBXVariantGroup;
			children = (
				4CA694912B704F1400DAD76F /* Base */,
			);
			name = LaunchScreen.storyboard;
			sourceTree = "<group>";
		};
/* End PBXVariantGroup section */

/* Begin XCBuildConfiguration section */
		4CA694AA2B704F1400DAD76F /* Debug */ = {
			isa = XCBuildConfiguration;
			buildSettings = {
				ALWAYS_SEARCH_USER_PATHS = NO;
				ASSETCATALOG_COMPILER_GENERATE_SWIFT_ASSET_SYMBOL_EXTENSIONS = YES;
				CLANG_ANALYZER_NONNULL = YES;
				CLANG_ANALYZER_NUMBER_OBJECT_CONVERSION = YES_AGGRESSIVE;
				CLANG_CXX_LANGUAGE_STANDARD = "gnu++20";
				CLANG_ENABLE_MODULES = YES;
				CLANG_ENABLE_OBJC_ARC = YES;
				CLANG_ENABLE_OBJC_WEAK = YES;
				CLANG_WARN_BLOCK_CAPTURE_AUTORELEASING = YES;
				CLANG_WARN_BOOL_CONVERSION = YES;
				CLANG_WARN_COMMA = YES;
				CLANG_WARN_CONSTANT_CONVERSION = YES;
				CLANG_WARN_DEPRECATED_OBJC_IMPLEMENTATIONS = YES;
				CLANG_WARN_DIRECT_OBJC_ISA_USAGE = YES_ERROR;
				CLANG_WARN_DOCUMENTATION_COMMENTS = YES;
				CLANG_WARN_EMPTY_BODY = YES;
				CLANG_WARN_ENUM_CONVERSION = YES;
				CLANG_WARN_INFINITE_RECURSION = YES;
				CLANG_WARN_INT_CONVERSION = YES;
				CLANG_WARN_NON_LITERAL_NULL_CONVERSION = YES;
				CLANG_WARN_OBJC_IMPLICIT_RETAIN_SELF = YES;
				CLANG_WARN_OBJC_LITERAL_CONVERSION = YES;
				CLANG_WARN_OBJC_ROOT_CLASS = YES_ERROR;
				CLANG_WARN_QUOTED_INCLUDE_IN_FRAMEWORK_HEADER = YES;
				CLANG_WARN_RANGE_LOOP_ANALYSIS = YES;
				CLANG_WARN_STRICT_PROTOTYPES = YES;
				CLANG_WARN_SUSPICIOUS_MOVE = YES;
				CLANG_WARN_UNGUARDED_AVAILABILITY = YES_AGGRESSIVE;
				CLANG_WARN_UNREACHABLE_CODE = YES;
				CLANG_WARN__DUPLICATE_METHOD_MATCH = YES;
				COPY_PHASE_STRIP = NO;
				DEBUG_INFORMATION_FORMAT = dwarf;
				ENABLE_STRICT_OBJC_MSGSEND = YES;
				ENABLE_TESTABILITY = YES;
				ENABLE_USER_SCRIPT_SANDBOXING = YES;
				GCC_C_LANGUAGE_STANDARD = gnu17;
				GCC_DYNAMIC_NO_PIC = NO;
				GCC_NO_COMMON_BLOCKS = YES;
				GCC_OPTIMIZATION_LEVEL = 0;
				GCC_PREPROCESSOR_DEFINITIONS = (
					"DEBUG=1",
					"$(inherited)",
				);
				GCC_WARN_64_TO_32_BIT_CONVERSION = YES;
				GCC_WARN_ABOUT_RETURN_TYPE = YES_ERROR;
				GCC_WARN_UNDECLARED_SELECTOR = YES;
				GCC_WARN_UNINITIALIZED_AUTOS = YES_AGGRESSIVE;
				GCC_WARN_UNUSED_FUNCTION = YES;
				GCC_WARN_UNUSED_VARIABLE = YES;
				IPHONEOS_DEPLOYMENT_TARGET = 17.2;
				LOCALIZATION_PREFERS_STRING_CATALOGS = YES;
				MTL_ENABLE_DEBUG_INFO = INCLUDE_SOURCE;
				MTL_FAST_MATH = YES;
				ONLY_ACTIVE_ARCH = YES;
				SDKROOT = iphoneos;
				SWIFT_ACTIVE_COMPILATION_CONDITIONS = "DEBUG $(inherited)";
				SWIFT_OPTIMIZATION_LEVEL = "-Onone";
			};
			name = Debug;
		};
		4CA694AB2B704F1400DAD76F /* Release */ = {
			isa = XCBuildConfiguration;
			buildSettings = {
				ALWAYS_SEARCH_USER_PATHS = NO;
				ASSETCATALOG_COMPILER_GENERATE_SWIFT_ASSET_SYMBOL_EXTENSIONS = YES;
				CLANG_ANALYZER_NONNULL = YES;
				CLANG_ANALYZER_NUMBER_OBJECT_CONVERSION = YES_AGGRESSIVE;
				CLANG_CXX_LANGUAGE_STANDARD = "gnu++20";
				CLANG_ENABLE_MODULES = YES;
				CLANG_ENABLE_OBJC_ARC = YES;
				CLANG_ENABLE_OBJC_WEAK = YES;
				CLANG_WARN_BLOCK_CAPTURE_AUTORELEASING = YES;
				CLANG_WARN_BOOL_CONVERSION = YES;
				CLANG_WARN_COMMA = YES;
				CLANG_WARN_CONSTANT_CONVERSION = YES;
				CLANG_WARN_DEPRECATED_OBJC_IMPLEMENTATIONS = YES;
				CLANG_WARN_DIRECT_OBJC_ISA_USAGE = YES_ERROR;
				CLANG_WARN_DOCUMENTATION_COMMENTS = YES;
				CLANG_WARN_EMPTY_BODY = YES;
				CLANG_WARN_ENUM_CONVERSION = YES;
				CLANG_WARN_INFINITE_RECURSION = YES;
				CLANG_WARN_INT_CONVERSION = YES;
				CLANG_WARN_NON_LITERAL_NULL_CONVERSION = YES;
				CLANG_WARN_OBJC_IMPLICIT_RETAIN_SELF = YES;
				CLANG_WARN_OBJC_LITERAL_CONVERSION = YES;
				CLANG_WARN_OBJC_ROOT_CLASS = YES_ERROR;
				CLANG_WARN_QUOTED_INCLUDE_IN_FRAMEWORK_HEADER = YES;
				CLANG_WARN_RANGE_LOOP_ANALYSIS = YES;
				CLANG_WARN_STRICT_PROTOTYPES = YES;
				CLANG_WARN_SUSPICIOUS_MOVE = YES;
				CLANG_WARN_UNGUARDED_AVAILABILITY = YES_AGGRESSIVE;
				CLANG_WARN_UNREACHABLE_CODE = YES;
				CLANG_WARN__DUPLICATE_METHOD_MATCH = YES;
				COPY_PHASE_STRIP = NO;
				DEBUG_INFORMATION_FORMAT = "dwarf-with-dsym";
				ENABLE_NS_ASSERTIONS = NO;
				ENABLE_STRICT_OBJC_MSGSEND = YES;
				ENABLE_USER_SCRIPT_SANDBOXING = YES;
				GCC_C_LANGUAGE_STANDARD = gnu17;
				GCC_NO_COMMON_BLOCKS = YES;
				GCC_WARN_64_TO_32_BIT_CONVERSION = YES;
				GCC_WARN_ABOUT_RETURN_TYPE = YES_ERROR;
				GCC_WARN_UNDECLARED_SELECTOR = YES;
				GCC_WARN_UNINITIALIZED_AUTOS = YES_AGGRESSIVE;
				GCC_WARN_UNUSED_FUNCTION = YES;
				GCC_WARN_UNUSED_VARIABLE = YES;
				IPHONEOS_DEPLOYMENT_TARGET = 17.2;
				LOCALIZATION_PREFERS_STRING_CATALOGS = YES;
				MTL_ENABLE_DEBUG_INFO = NO;
				MTL_FAST_MATH = YES;
				SDKROOT = iphoneos;
				SWIFT_COMPILATION_MODE = wholemodule;
				VALIDATE_PRODUCT = YES;
			};
			name = Release;
		};
		4CA694AD2B704F1400DAD76F /* Debug */ = {
			isa = XCBuildConfiguration;
			buildSettings = {
				ASSETCATALOG_COMPILER_APPICON_NAME = AppIcon;
				ASSETCATALOG_COMPILER_GLOBAL_ACCENT_COLOR_NAME = AccentColor;
				CODE_SIGN_STYLE = Automatic;
				CURRENT_PROJECT_VERSION = 1;
				GENERATE_INFOPLIST_FILE = YES;
				INFOPLIST_FILE = Assignment4/Info.plist;
				INFOPLIST_KEY_UIApplicationSupportsIndirectInputEvents = YES;
				INFOPLIST_KEY_UILaunchStoryboardName = LaunchScreen;
				INFOPLIST_KEY_UIMainStoryboardFile = Main;
				INFOPLIST_KEY_UISupportedInterfaceOrientations_iPad = "UIInterfaceOrientationPortrait UIInterfaceOrientationPortraitUpsideDown UIInterfaceOrientationLandscapeLeft UIInterfaceOrientationLandscapeRight";
				INFOPLIST_KEY_UISupportedInterfaceOrientations_iPhone = "UIInterfaceOrientationPortrait UIInterfaceOrientationLandscapeLeft UIInterfaceOrientationLandscapeRight";
				LD_RUNPATH_SEARCH_PATHS = (
					"$(inherited)",
					"@executable_path/Frameworks",
				);
				MARKETING_VERSION = 1.0;
				PRODUCT_BUNDLE_IDENTIFIER = com.michaelbaljet.Assignment4;
				PRODUCT_NAME = "$(TARGET_NAME)";
				SWIFT_EMIT_LOC_STRINGS = YES;
				SWIFT_VERSION = 5.0;
				TARGETED_DEVICE_FAMILY = "1,2";
			};
			name = Debug;
		};
		4CA694AE2B704F1400DAD76F /* Release */ = {
			isa = XCBuildConfiguration;
			buildSettings = {
				ASSETCATALOG_COMPILER_APPICON_NAME = AppIcon;
				ASSETCATALOG_COMPILER_GLOBAL_ACCENT_COLOR_NAME = AccentColor;
				CODE_SIGN_STYLE = Automatic;
				CURRENT_PROJECT_VERSION = 1;
				GENERATE_INFOPLIST_FILE = YES;
				INFOPLIST_FILE = Assignment4/Info.plist;
				INFOPLIST_KEY_UIApplicationSupportsIndirectInputEvents = YES;
				INFOPLIST_KEY_UILaunchStoryboardName = LaunchScreen;
				INFOPLIST_KEY_UIMainStoryboardFile = Main;
				INFOPLIST_KEY_UISupportedInterfaceOrientations_iPad = "UIInterfaceOrientationPortrait UIInterfaceOrientationPortraitUpsideDown UIInterfaceOrientationLandscapeLeft UIInterfaceOrientationLandscapeRight";
				INFOPLIST_KEY_UISupportedInterfaceOrientations_iPhone = "UIInterfaceOrientationPortrait UIInterfaceOrientationLandscapeLeft UIInterfaceOrientationLandscapeRight";
				LD_RUNPATH_SEARCH_PATHS = (
					"$(inherited)",
					"@executable_path/Frameworks",
				);
				MARKETING_VERSION = 1.0;
				PRODUCT_BUNDLE_IDENTIFIER = com.michaelbaljet.Assignment4;
				PRODUCT_NAME = "$(TARGET_NAME)";
				SWIFT_EMIT_LOC_STRINGS = YES;
				SWIFT_VERSION = 5.0;
				TARGETED_DEVICE_FAMILY = "1,2";
			};
			name = Release;
		};
		4CA694B02B704F1400DAD76F /* Debug */ = {
			isa = XCBuildConfiguration;
			buildSettings = {
				ALWAYS_EMBED_SWIFT_STANDARD_LIBRARIES = YES;
				BUNDLE_LOADER = "$(TEST_HOST)";
				CODE_SIGN_STYLE = Automatic;
				CURRENT_PROJECT_VERSION = 1;
				GENERATE_INFOPLIST_FILE = YES;
				IPHONEOS_DEPLOYMENT_TARGET = 17.2;
				MARKETING_VERSION = 1.0;
				PRODUCT_BUNDLE_IDENTIFIER = com.michaelbaljet.Assignment4Tests;
				PRODUCT_NAME = "$(TARGET_NAME)";
				SWIFT_EMIT_LOC_STRINGS = NO;
				SWIFT_VERSION = 5.0;
				TARGETED_DEVICE_FAMILY = "1,2";
				TEST_HOST = "$(BUILT_PRODUCTS_DIR)/Assignment4.app/$(BUNDLE_EXECUTABLE_FOLDER_PATH)/Assignment4";
			};
			name = Debug;
		};
		4CA694B12B704F1400DAD76F /* Release */ = {
			isa = XCBuildConfiguration;
			buildSettings = {
				ALWAYS_EMBED_SWIFT_STANDARD_LIBRARIES = YES;
				BUNDLE_LOADER = "$(TEST_HOST)";
				CODE_SIGN_STYLE = Automatic;
				CURRENT_PROJECT_VERSION = 1;
				GENERATE_INFOPLIST_FILE = YES;
				IPHONEOS_DEPLOYMENT_TARGET = 17.2;
				MARKETING_VERSION = 1.0;
				PRODUCT_BUNDLE_IDENTIFIER = com.michaelbaljet.Assignment4Tests;
				PRODUCT_NAME = "$(TARGET_NAME)";
				SWIFT_EMIT_LOC_STRINGS = NO;
				SWIFT_VERSION = 5.0;
				TARGETED_DEVICE_FAMILY = "1,2";
				TEST_HOST = "$(BUILT_PRODUCTS_DIR)/Assignment4.app/$(BUNDLE_EXECUTABLE_FOLDER_PATH)/Assignment4";
			};
			name = Release;
		};
		4CA694B32B704F1400DAD76F /* Debug */ = {
			isa = XCBuildConfiguration;
			buildSettings = {
				ALWAYS_EMBED_SWIFT_STANDARD_LIBRARIES = YES;
				CODE_SIGN_STYLE = Automatic;
				CURRENT_PROJECT_VERSION = 1;
				GENERATE_INFOPLIST_FILE = YES;
				MARKETING_VERSION = 1.0;
				PRODUCT_BUNDLE_IDENTIFIER = com.michaelbaljet.Assignment4UITests;
				PRODUCT_NAME = "$(TARGET_NAME)";
				SWIFT_EMIT_LOC_STRINGS = NO;
				SWIFT_VERSION = 5.0;
				TARGETED_DEVICE_FAMILY = "1,2";
				TEST_TARGET_NAME = Assignment4;
			};
			name = Debug;
		};
		4CA694B42B704F1400DAD76F /* Release */ = {
			isa = XCBuildConfiguration;
			buildSettings = {
				ALWAYS_EMBED_SWIFT_STANDARD_LIBRARIES = YES;
				CODE_SIGN_STYLE = Automatic;
				CURRENT_PROJECT_VERSION = 1;
				GENERATE_INFOPLIST_FILE = YES;
				MARKETING_VERSION = 1.0;
				PRODUCT_BUNDLE_IDENTIFIER = com.michaelbaljet.Assignment4UITests;
				PRODUCT_NAME = "$(TARGET_NAME)";
				SWIFT_EMIT_LOC_STRINGS = NO;
				SWIFT_VERSION = 5.0;
				TARGETED_DEVICE_FAMILY = "1,2";
				TEST_TARGET_NAME = Assignment4;
			};
			name = Release;
		};
/* End XCBuildConfiguration section */

/* Begin XCConfigurationList section */
		4CA6947D2B704F1300DAD76F /* Build configuration list for PBXProject "Assignment4" */ = {
			isa = XCConfigurationList;
			buildConfigurations = (
				4CA694AA2B704F1400DAD76F /* Debug */,
				4CA694AB2B704F1400DAD76F /* Release */,
			);
			defaultConfigurationIsVisible = 0;
			defaultConfigurationName = Release;
		};
		4CA694AC2B704F1400DAD76F /* Build configuration list for PBXNativeTarget "Assignment4" */ = {
			isa = XCConfigurationList;
			buildConfigurations = (
				4CA694AD2B704F1400DAD76F /* Debug */,
				4CA694AE2B704F1400DAD76F /* Release */,
			);
			defaultConfigurationIsVisible = 0;
			defaultConfigurationName = Release;
		};
		4CA694AF2B704F1400DAD76F /* Build configuration list for PBXNativeTarget "Assignment4Tests" */ = {
			isa = XCConfigurationList;
			buildConfigurations = (
				4CA694B02B704F1400DAD76F /* Debug */,
				4CA694B12B704F1400DAD76F /* Release */,
			);
			defaultConfigurationIsVisible = 0;
			defaultConfigurationName = Release;
		};
		4CA694B22B704F1400DAD76F /* Build configuration list for PBXNativeTarget "Assignment4UITests" */ = {
			isa = XCConfigurationList;
			buildConfigurations = (
				4CA694B32B704F1400DAD76F /* Debug */,
				4CA694B42B704F1400DAD76F /* Release */,
			);
			defaultConfigurationIsVisible = 0;
			defaultConfigurationName = Release;
		};
/* End XCConfigurationList section */
	};
	rootObject = 4CA6947A2B704F1300DAD76F /* Project object */;
}
